
Microsoft Visual Studio Solution File, Format Version 12.00
# Visual Studio Version 16
VisualStudioVersion = 16.0.31729.503
MinimumVisualStudioVersion = 10.0.40219.1
Project("{FAE04EC0-301F-11D3-BF4B-00C04F79EFBC}") = "HospitalManagementSystem", "HospitalManagementSystem\HospitalManagementSystem.csproj", "{8CF162AF-CFAF-497D-80A3-4B6DD800A8E2}"
EndProject
Global
	GlobalSection(SolutionConfigurationPlatforms) = preSolution
		Debug|Any CPU = Debug|Any CPU
		Release|Any CPU = Release|Any CPU
	EndGlobalSection
	GlobalSection(ProjectConfigurationPlatforms) = postSolution
		{8CF162AF-CFAF-497D-80A3-4B6DD800A8E2}.Debug|Any CPU.ActiveCfg = Debug|Any CPU
		{8CF162AF-CFAF-497D-80A3-4B6DD800A8E2}.Debug|Any CPU.Build.0 = Debug|Any CPU
		{8CF162AF-CFAF-497D-80A3-4B6DD800A8E2}.Release|Any CPU.ActiveCfg = Release|Any CPU
		{8CF162AF-CFAF-497D-80A3-4B6DD800A8E2}.Release|Any CPU.Build.0 = Release|Any CPU
	EndGlobalSection
	GlobalSection(SolutionProperties) = preSolution
		HideSolutionNode = FALSE
	EndGlobalSection
	GlobalSection(ExtensibilityGlobals) = postSolution
		SolutionGuid = {FFA50879-0E9F-4ACB-B35F-48AA3FEC4AC4}
	EndGlobalSection
EndGlobal
